{
  "name": "ckeditor-local",
  "lockfileVersion": 2,
  "requires": true,
  "packages": {
    "": {
      "dependencies": {
        "ckeditor-youtube-plugin": "^2.1.19",
        "ckeditor4": "^4.19.0"
      }
    },
    "node_modules/ckeditor-youtube-plugin": {
      "version": "2.1.19",
      "resolved": "https://registry.npmjs.org/ckeditor-youtube-plugin/-/ckeditor-youtube-plugin-2.1.19.tgz",
      "integrity": "sha512-5+4DNBEFa7qspX7exbDR8QSf6mU+kzyY6WhrLT2S1mxWRqNgC4PvVvs92gHHiLGR3cjylYPGOHu+agRlSsItsw=="
    },
    "node_modules/ckeditor4": {
      "version": "4.19.0",
      "resolved": "https://registry.npmjs.org/ckeditor4/-/ckeditor4-4.19.0.tgz",
      "integrity": "sha512-hh+SslqHmqr9xmcUVMgdmWjO4tdxW+Lzd6jfxDzzjf6zwIFIoNSflgCqUvg2wcry4w0dHgdEoxVMdoJK9E7kUw=="
    }
  },
  "dependencies": {
    "ckeditor-youtube-plugin": {
      "version": "2.1.19",
      "resolved": "https://registry.npmjs.org/ckeditor-youtube-plugin/-/ckeditor-youtube-plugin-2.1.19.tgz",
      "integrity": "sha512-5+4DNBEFa7qspX7exbDR8QSf6mU+kzyY6WhrLT2S1mxWRqNgC4PvVvs92gHHiLGR3cjylYPGOHu+agRlSsItsw=="
    },
    "ckeditor4": {
      "version": "4.19.0",
      "resolved": "https://registry.npmjs.org/ckeditor4/-/ckeditor4-4.19.0.tgz",
      "integrity": "sha512-hh+SslqHmqr9xmcUVMgdmWjO4tdxW+Lzd6jfxDzzjf6zwIFIoNSflgCqUvg2wcry4w0dHgdEoxVMdoJK9E7kUw=="
    }
  }
}
